
Microsoft Visual Studio Solution File, Format Version 12.00
# Visual Studio Version 17
VisualStudioVersion = 17.6.33611.457
MinimumVisualStudioVersion = 10.0.40219.1
Project("{FAE04EC0-301F-11D3-BF4B-00C04F79EFBC}") = "API_xUnit", "API_xUnit\API_xUnit.csproj", "{E548EE5D-21E9-402C-A447-1BBEF0E14CBF}"
EndProject
Project("{FAE04EC0-301F-11D3-BF4B-00C04F79EFBC}") = "PrimeWeb1.UnitTests", "PrimeWeb1.UnitTests\PrimeWeb1.UnitTests.csproj", "{8F13BCBB-9CA8-44A6-B00E-67017A33F701}"
EndProject
Global
	GlobalSection(SolutionConfigurationPlatforms) = preSolution
		Debug|Any CPU = Debug|Any CPU
		Release|Any CPU = Release|Any CPU
	EndGlobalSection
	GlobalSection(ProjectConfigurationPlatforms) = postSolution
		{E548EE5D-21E9-402C-A447-1BBEF0E14CBF}.Debug|Any CPU.ActiveCfg = Debug|Any CPU
		{E548EE5D-21E9-402C-A447-1BBEF0E14CBF}.Debug|Any CPU.Build.0 = Debug|Any CPU
		{E548EE5D-21E9-402C-A447-1BBEF0E14CBF}.Release|Any CPU.ActiveCfg = Release|Any CPU
		{E548EE5D-21E9-402C-A447-1BBEF0E14CBF}.Release|Any CPU.Build.0 = Release|Any CPU
		{8F13BCBB-9CA8-44A6-B00E-67017A33F701}.Debug|Any CPU.ActiveCfg = Debug|Any CPU
		{8F13BCBB-9CA8-44A6-B00E-67017A33F701}.Debug|Any CPU.Build.0 = Debug|Any CPU
		{8F13BCBB-9CA8-44A6-B00E-67017A33F701}.Release|Any CPU.ActiveCfg = Release|Any CPU
		{8F13BCBB-9CA8-44A6-B00E-67017A33F701}.Release|Any CPU.Build.0 = Release|Any CPU
	EndGlobalSection
	GlobalSection(SolutionProperties) = preSolution
		HideSolutionNode = FALSE
	EndGlobalSection
	GlobalSection(ExtensibilityGlobals) = postSolution
		SolutionGuid = {4783440D-F7F1-4983-9EAC-BEB45E6873B9}
	EndGlobalSection
EndGlobal
